
Microsoft Visual Studio Solution File, Format Version 12.00
# Visual Studio Version 16
VisualStudioVersion = 16.0.31410.357
MinimumVisualStudioVersion = 10.0.40219.1
Project("{2150E333-8FDC-42A3-9474-1A3956D46DE8}") = "src", "src", "{825C7F34-4CE9-462F-9636-4334040C9EE9}"
EndProject
Project("{2150E333-8FDC-42A3-9474-1A3956D46DE8}") = "tests", "tests", "{9468C671-3500-40E2-BF75-A4685A675DD5}"
EndProject
Project("{2150E333-8FDC-42A3-9474-1A3956D46DE8}") = "Api", "Api", "{EDA5AFA2-2AC4-48A2-BE82-6F632A40A0CD}"
EndProject
Project("{2150E333-8FDC-42A3-9474-1A3956D46DE8}") = "Core", "Core", "{26968268-3D94-4FB7-A1FC-C3180692F7A2}"
EndProject
Project("{2150E333-8FDC-42A3-9474-1A3956D46DE8}") = "Infrastructure", "Infrastructure", "{8A23A93F-4785-4392-8698-C6F99101CD49}"
EndProject
Project("{2150E333-8FDC-42A3-9474-1A3956D46DE8}") = "UI", "UI", "{D3A9A993-CBDC-45E7-8F76-14BCDC03EEAC}"
EndProject
Project("{9A19103F-16F7-4668-BE54-9A1E7A4F7556}") = "HR.LeaveManagement.Dormain", "HR.LeaveManagement.Dormain\HR.LeaveManagement.Dormain.csproj", "{572EA740-7FB3-46A2-B47D-C5C641F39171}"
EndProject
Project("{9A19103F-16F7-4668-BE54-9A1E7A4F7556}") = "HR.LeaveManagement.Application", "HR.LeaveManagement.Application\HR.LeaveManagement.Application.csproj", "{391C8C1A-7472-492D-9C2D-8F60E642AB6A}"
EndProject
Project("{9A19103F-16F7-4668-BE54-9A1E7A4F7556}") = "Hr.LeaveManaagement.Infrastructure", "Hr.LeaveManaagement.Infrastructure\Hr.LeaveManaagement.Infrastructure.csproj", "{E7FEA269-F78D-42DE-ABB5-28C35A911C73}"
EndProject
Project("{9A19103F-16F7-4668-BE54-9A1E7A4F7556}") = "Hr.LeaveManagement.Persistence", "Hr.LeaveManagement.Persistence\Hr.LeaveManagement.Persistence.csproj", "{4C351089-4328-4B9A-A913-8114EE7D5387}"
EndProject
Project("{9A19103F-16F7-4668-BE54-9A1E7A4F7556}") = "Hr.LeaveManagement.Api", "Hr.LeaveManagement.Api\Hr.LeaveManagement.Api.csproj", "{AA1B1F45-3331-440F-8229-41A44FD0031D}"
EndProject
Project("{FAE04EC0-301F-11D3-BF4B-00C04F79EFBC}") = "Hr.LeaveManagement.Application.UnitTest", "Hr.LeaveManagement.Application.UnitTest\Hr.LeaveManagement.Application.UnitTest.csproj", "{9C493345-1DD3-49D1-9353-B3E95A2D683E}"
EndProject
Global
	GlobalSection(SolutionConfigurationPlatforms) = preSolution
		Debug|Any CPU = Debug|Any CPU
		Release|Any CPU = Release|Any CPU
	EndGlobalSection
	GlobalSection(ProjectConfigurationPlatforms) = postSolution
		{572EA740-7FB3-46A2-B47D-C5C641F39171}.Debug|Any CPU.ActiveCfg = Debug|Any CPU
		{572EA740-7FB3-46A2-B47D-C5C641F39171}.Debug|Any CPU.Build.0 = Debug|Any CPU
		{572EA740-7FB3-46A2-B47D-C5C641F39171}.Release|Any CPU.ActiveCfg = Release|Any CPU
		{572EA740-7FB3-46A2-B47D-C5C641F39171}.Release|Any CPU.Build.0 = Release|Any CPU
		{391C8C1A-7472-492D-9C2D-8F60E642AB6A}.Debug|Any CPU.ActiveCfg = Debug|Any CPU
		{391C8C1A-7472-492D-9C2D-8F60E642AB6A}.Debug|Any CPU.Build.0 = Debug|Any CPU
		{391C8C1A-7472-492D-9C2D-8F60E642AB6A}.Release|Any CPU.ActiveCfg = Release|Any CPU
		{391C8C1A-7472-492D-9C2D-8F60E642AB6A}.Release|Any CPU.Build.0 = Release|Any CPU
		{E7FEA269-F78D-42DE-ABB5-28C35A911C73}.Debug|Any CPU.ActiveCfg = Debug|Any CPU
		{E7FEA269-F78D-42DE-ABB5-28C35A911C73}.Debug|Any CPU.Build.0 = Debug|Any CPU
		{E7FEA269-F78D-42DE-ABB5-28C35A911C73}.Release|Any CPU.ActiveCfg = Release|Any CPU
		{E7FEA269-F78D-42DE-ABB5-28C35A911C73}.Release|Any CPU.Build.0 = Release|Any CPU
		{4C351089-4328-4B9A-A913-8114EE7D5387}.Debug|Any CPU.ActiveCfg = Debug|Any CPU
		{4C351089-4328-4B9A-A913-8114EE7D5387}.Debug|Any CPU.Build.0 = Debug|Any CPU
		{4C351089-4328-4B9A-A913-8114EE7D5387}.Release|Any CPU.ActiveCfg = Release|Any CPU
		{4C351089-4328-4B9A-A913-8114EE7D5387}.Release|Any CPU.Build.0 = Release|Any CPU
		{AA1B1F45-3331-440F-8229-41A44FD0031D}.Debug|Any CPU.ActiveCfg = Debug|Any CPU
		{AA1B1F45-3331-440F-8229-41A44FD0031D}.Debug|Any CPU.Build.0 = Debug|Any CPU
		{AA1B1F45-3331-440F-8229-41A44FD0031D}.Release|Any CPU.ActiveCfg = Release|Any CPU
		{AA1B1F45-3331-440F-8229-41A44FD0031D}.Release|Any CPU.Build.0 = Release|Any CPU
		{9C493345-1DD3-49D1-9353-B3E95A2D683E}.Debug|Any CPU.ActiveCfg = Debug|Any CPU
		{9C493345-1DD3-49D1-9353-B3E95A2D683E}.Debug|Any CPU.Build.0 = Debug|Any CPU
		{9C493345-1DD3-49D1-9353-B3E95A2D683E}.Release|Any CPU.ActiveCfg = Release|Any CPU
		{9C493345-1DD3-49D1-9353-B3E95A2D683E}.Release|Any CPU.Build.0 = Release|Any CPU
	EndGlobalSection
	GlobalSection(SolutionProperties) = preSolution
		HideSolutionNode = FALSE
	EndGlobalSection
	GlobalSection(NestedProjects) = preSolution
		{EDA5AFA2-2AC4-48A2-BE82-6F632A40A0CD} = {825C7F34-4CE9-462F-9636-4334040C9EE9}
		{26968268-3D94-4FB7-A1FC-C3180692F7A2} = {825C7F34-4CE9-462F-9636-4334040C9EE9}
		{8A23A93F-4785-4392-8698-C6F99101CD49} = {825C7F34-4CE9-462F-9636-4334040C9EE9}
		{D3A9A993-CBDC-45E7-8F76-14BCDC03EEAC} = {825C7F34-4CE9-462F-9636-4334040C9EE9}
		{572EA740-7FB3-46A2-B47D-C5C641F39171} = {26968268-3D94-4FB7-A1FC-C3180692F7A2}
		{391C8C1A-7472-492D-9C2D-8F60E642AB6A} = {26968268-3D94-4FB7-A1FC-C3180692F7A2}
		{E7FEA269-F78D-42DE-ABB5-28C35A911C73} = {8A23A93F-4785-4392-8698-C6F99101CD49}
		{4C351089-4328-4B9A-A913-8114EE7D5387} = {8A23A93F-4785-4392-8698-C6F99101CD49}
		{AA1B1F45-3331-440F-8229-41A44FD0031D} = {EDA5AFA2-2AC4-48A2-BE82-6F632A40A0CD}
		{9C493345-1DD3-49D1-9353-B3E95A2D683E} = {9468C671-3500-40E2-BF75-A4685A675DD5}
	EndGlobalSection
	GlobalSection(ExtensibilityGlobals) = postSolution
		SolutionGuid = {B91CFA48-2D01-47EE-A236-4ABBBFF6F595}
	EndGlobalSection
EndGlobal
